
Microsoft Visual Studio Solution File, Format Version 12.00
# Visual Studio Version 17
VisualStudioVersion = 17.7.34031.279
MinimumVisualStudioVersion = 10.0.40219.1
Project("{FAE04EC0-301F-11D3-BF4B-00C04F79EFBC}") = "RomanoParaArabico", "RomanoParaArabico\RomanoParaArabico.csproj", "{DB116100-B6D2-4683-B360-1CAC882351CE}"
EndProject
Global
	GlobalSection(SolutionConfigurationPlatforms) = preSolution
		Debug|Any CPU = Debug|Any CPU
		Release|Any CPU = Release|Any CPU
	EndGlobalSection
	GlobalSection(ProjectConfigurationPlatforms) = postSolution
		{DB116100-B6D2-4683-B360-1CAC882351CE}.Debug|Any CPU.ActiveCfg = Debug|Any CPU
		{DB116100-B6D2-4683-B360-1CAC882351CE}.Debug|Any CPU.Build.0 = Debug|Any CPU
		{DB116100-B6D2-4683-B360-1CAC882351CE}.Release|Any CPU.ActiveCfg = Release|Any CPU
		{DB116100-B6D2-4683-B360-1CAC882351CE}.Release|Any CPU.Build.0 = Release|Any CPU
	EndGlobalSection
	GlobalSection(SolutionProperties) = preSolution
		HideSolutionNode = FALSE
	EndGlobalSection
	GlobalSection(ExtensibilityGlobals) = postSolution
		SolutionGuid = {D7532221-4166-4C05-9BFF-D8DECFFC9878}
	EndGlobalSection
EndGlobal
